// !$*UTF8*$!
{
	archiveVersion = 1;
	classes = {
	};
	objectVersion = 56;
	objects = {

/* Begin PBXBuildFile section */
		7429A3FE2B9E511B00B34158 /* ImageButtonTip.swift in Sources */ = {isa = PBXBuildFile; fileRef = 7429A3FD2B9E511A00B34158 /* ImageButtonTip.swift */; };
		7463A4972B9E2C1100C3FBC9 /* Tic_tac_toeApp.swift in Sources */ = {isa = PBXBuildFile; fileRef = 7463A4962B9E2C1100C3FBC9 /* Tic_tac_toeApp.swift */; };
		7463A4992B9E2C1100C3FBC9 /* ContentView.swift in Sources */ = {isa = PBXBuildFile; fileRef = 7463A4982B9E2C1100C3FBC9 /* ContentView.swift */; };
		7463A49B2B9E2C1400C3FBC9 /* Assets.xcassets in Resources */ = {isa = PBXBuildFile; fileRef = 7463A49A2B9E2C1400C3FBC9 /* Assets.xcassets */; };
		7463A49E2B9E2C1400C3FBC9 /* Preview Assets.xcassets in Resources */ = {isa = PBXBuildFile; fileRef = 7463A49D2B9E2C1400C3FBC9 /* Preview Assets.xcassets */; };
		7463A4A82B9E2FE600C3FBC9 /* Localizable.xcstrings in Resources */ = {isa = PBXBuildFile; fileRef = 7463A4A72B9E2FE600C3FBC9 /* Localizable.xcstrings */; };
		7463A4AA2B9E300600C3FBC9 /* LoginView.swift in Sources */ = {isa = PBXBuildFile; fileRef = 7463A4A92B9E300600C3FBC9 /* LoginView.swift */; };
		7463A4AC2B9E301500C3FBC9 /* RegisterView.swift in Sources */ = {isa = PBXBuildFile; fileRef = 7463A4AB2B9E301500C3FBC9 /* RegisterView.swift */; };
		7463A4B42B9E39A100C3FBC9 /* FirebaseManager.swift in Sources */ = {isa = PBXBuildFile; fileRef = 7463A4B32B9E39A100C3FBC9 /* FirebaseManager.swift */; };
		7463A4B62B9E3AF800C3FBC9 /* FirebaseAuth in Frameworks */ = {isa = PBXBuildFile; productRef = 7463A4B52B9E3AF800C3FBC9 /* FirebaseAuth */; };
		7463A4B82B9E3AF800C3FBC9 /* FirebaseStorage in Frameworks */ = {isa = PBXBuildFile; productRef = 7463A4B72B9E3AF800C3FBC9 /* FirebaseStorage */; };
		7463A4BB2B9E3BB200C3FBC9 /* SimpleToast in Frameworks */ = {isa = PBXBuildFile; productRef = 7463A4BA2B9E3BB200C3FBC9 /* SimpleToast */; };
		7463A4BD2B9E3C5900C3FBC9 /* ToastPopUpView.swift in Sources */ = {isa = PBXBuildFile; fileRef = 7463A4BC2B9E3C5900C3FBC9 /* ToastPopUpView.swift */; };
		7463A4C02B9E3C8500C3FBC9 /* ImagePicker.swift in Sources */ = {isa = PBXBuildFile; fileRef = 7463A4BF2B9E3C8500C3FBC9 /* ImagePicker.swift */; };
		7463A4C22B9E3E6B00C3FBC9 /* ToastOptions.swift in Sources */ = {isa = PBXBuildFile; fileRef = 7463A4C12B9E3E6B00C3FBC9 /* ToastOptions.swift */; };
		7467A6FD2BA112C90048C613 /* ConnectionManager.swift in Sources */ = {isa = PBXBuildFile; fileRef = 7467A6FC2BA112C90048C613 /* ConnectionManager.swift */; };
		7467A7032BA113570048C613 /* LoadingView.swift in Sources */ = {isa = PBXBuildFile; fileRef = 7467A7022BA113570048C613 /* LoadingView.swift */; };
		7467A7052BA113880048C613 /* MainMenuView.swift in Sources */ = {isa = PBXBuildFile; fileRef = 7467A7042BA113880048C613 /* MainMenuView.swift */; };
		7467A7072BA113930048C613 /* ProfileView.swift in Sources */ = {isa = PBXBuildFile; fileRef = 7467A7062BA113930048C613 /* ProfileView.swift */; };
		7467A70B2BA113B10048C613 /* SettingsView.swift in Sources */ = {isa = PBXBuildFile; fileRef = 7467A70A2BA113B10048C613 /* SettingsView.swift */; };
		7467A70D2BA113BE0048C613 /* ToolbarView.swift in Sources */ = {isa = PBXBuildFile; fileRef = 7467A70C2BA113BE0048C613 /* ToolbarView.swift */; };
		7467A70F2BA1149A0048C613 /* GoogleService-Info.plist in Resources */ = {isa = PBXBuildFile; fileRef = 7467A70E2BA1149A0048C613 /* GoogleService-Info.plist */; };
		74882DE02BA269430007D249 /* KeyboardHider.swift in Sources */ = {isa = PBXBuildFile; fileRef = 74882DDF2BA269430007D249 /* KeyboardHider.swift */; };
		7499CAD22B9E5FCF0085B75D /* SplashScreenView.swift in Sources */ = {isa = PBXBuildFile; fileRef = 7499CAD12B9E5FCF0085B75D /* SplashScreenView.swift */; };
		74A9940B2BA4F7AF003F0AD3 /* EditProfileView.swift in Sources */ = {isa = PBXBuildFile; fileRef = 74A9940A2BA4F7AF003F0AD3 /* EditProfileView.swift */; };
		74A9940D2BA4F8B3003F0AD3 /* PreviousGamesView.swift in Sources */ = {isa = PBXBuildFile; fileRef = 74A9940C2BA4F8B3003F0AD3 /* PreviousGamesView.swift */; };
		74B615CF2BA4AF8B00986E04 /* ProfileImageButtonView.swift in Sources */ = {isa = PBXBuildFile; fileRef = 74B615CE2BA4AF8B00986E04 /* ProfileImageButtonView.swift */; };
		74B615D12BA4B25C00986E04 /* ProfileImageView.swift in Sources */ = {isa = PBXBuildFile; fileRef = 74B615D02BA4B25C00986E04 /* ProfileImageView.swift */; };
/* End PBXBuildFile section */

/* Begin PBXFileReference section */
		7429A3FD2B9E511A00B34158 /* ImageButtonTip.swift */ = {isa = PBXFileReference; lastKnownFileType = sourcecode.swift; path = ImageButtonTip.swift; sourceTree = "<group>"; };
		7463A4932B9E2C1100C3FBC9 /* Tic tac toe.app */ = {isa = PBXFileReference; explicitFileType = wrapper.application; includeInIndex = 0; path = "Tic tac toe.app"; sourceTree = BUILT_PRODUCTS_DIR; };
		7463A4962B9E2C1100C3FBC9 /* Tic_tac_toeApp.swift */ = {isa = PBXFileReference; lastKnownFileType = sourcecode.swift; path = Tic_tac_toeApp.swift; sourceTree = "<group>"; };
		7463A4982B9E2C1100C3FBC9 /* ContentView.swift */ = {isa = PBXFileReference; lastKnownFileType = sourcecode.swift; path = ContentView.swift; sourceTree = "<group>"; };
		7463A49A2B9E2C1400C3FBC9 /* Assets.xcassets */ = {isa = PBXFileReference; lastKnownFileType = folder.assetcatalog; path = Assets.xcassets; sourceTree = "<group>"; };
		7463A49D2B9E2C1400C3FBC9 /* Preview Assets.xcassets */ = {isa = PBXFileReference; lastKnownFileType = folder.assetcatalog; path = "Preview Assets.xcassets"; sourceTree = "<group>"; };
		7463A4A72B9E2FE600C3FBC9 /* Localizable.xcstrings */ = {isa = PBXFileReference; lastKnownFileType = text.json.xcstrings; path = Localizable.xcstrings; sourceTree = "<group>"; };
		7463A4A92B9E300600C3FBC9 /* LoginView.swift */ = {isa = PBXFileReference; lastKnownFileType = sourcecode.swift; path = LoginView.swift; sourceTree = "<group>"; };
		7463A4AB2B9E301500C3FBC9 /* RegisterView.swift */ = {isa = PBXFileReference; lastKnownFileType = sourcecode.swift; path = RegisterView.swift; sourceTree = "<group>"; };
		7463A4B32B9E39A100C3FBC9 /* FirebaseManager.swift */ = {isa = PBXFileReference; lastKnownFileType = sourcecode.swift; path = FirebaseManager.swift; sourceTree = "<group>"; };
		7463A4BC2B9E3C5900C3FBC9 /* ToastPopUpView.swift */ = {isa = PBXFileReference; lastKnownFileType = sourcecode.swift; path = ToastPopUpView.swift; sourceTree = "<group>"; };
		7463A4BF2B9E3C8500C3FBC9 /* ImagePicker.swift */ = {isa = PBXFileReference; lastKnownFileType = sourcecode.swift; path = ImagePicker.swift; sourceTree = "<group>"; };
		7463A4C12B9E3E6B00C3FBC9 /* ToastOptions.swift */ = {isa = PBXFileReference; lastKnownFileType = sourcecode.swift; path = ToastOptions.swift; sourceTree = "<group>"; };
		7467A6FC2BA112C90048C613 /* ConnectionManager.swift */ = {isa = PBXFileReference; lastKnownFileType = sourcecode.swift; path = ConnectionManager.swift; sourceTree = "<group>"; };
		7467A7022BA113570048C613 /* LoadingView.swift */ = {isa = PBXFileReference; lastKnownFileType = sourcecode.swift; path = LoadingView.swift; sourceTree = "<group>"; };
		7467A7042BA113880048C613 /* MainMenuView.swift */ = {isa = PBXFileReference; lastKnownFileType = sourcecode.swift; path = MainMenuView.swift; sourceTree = "<group>"; };
		7467A7062BA113930048C613 /* ProfileView.swift */ = {isa = PBXFileReference; lastKnownFileType = sourcecode.swift; path = ProfileView.swift; sourceTree = "<group>"; };
		7467A70A2BA113B10048C613 /* SettingsView.swift */ = {isa = PBXFileReference; lastKnownFileType = sourcecode.swift; path = SettingsView.swift; sourceTree = "<group>"; };
		7467A70C2BA113BE0048C613 /* ToolbarView.swift */ = {isa = PBXFileReference; lastKnownFileType = sourcecode.swift; path = ToolbarView.swift; sourceTree = "<group>"; };
		7467A70E2BA1149A0048C613 /* GoogleService-Info.plist */ = {isa = PBXFileReference; fileEncoding = 4; lastKnownFileType = text.plist.xml; name = "GoogleService-Info.plist"; path = "../../../../../Downloads/GoogleService-Info.plist"; sourceTree = "<group>"; };
		74882DDF2BA269430007D249 /* KeyboardHider.swift */ = {isa = PBXFileReference; lastKnownFileType = sourcecode.swift; path = KeyboardHider.swift; sourceTree = "<group>"; };
		7499CAD12B9E5FCF0085B75D /* SplashScreenView.swift */ = {isa = PBXFileReference; lastKnownFileType = sourcecode.swift; path = SplashScreenView.swift; sourceTree = "<group>"; };
		74A9940A2BA4F7AF003F0AD3 /* EditProfileView.swift */ = {isa = PBXFileReference; lastKnownFileType = sourcecode.swift; path = EditProfileView.swift; sourceTree = "<group>"; };
		74A9940C2BA4F8B3003F0AD3 /* PreviousGamesView.swift */ = {isa = PBXFileReference; lastKnownFileType = sourcecode.swift; path = PreviousGamesView.swift; sourceTree = "<group>"; };
		74B615CE2BA4AF8B00986E04 /* ProfileImageButtonView.swift */ = {isa = PBXFileReference; lastKnownFileType = sourcecode.swift; path = ProfileImageButtonView.swift; sourceTree = "<group>"; };
		74B615D02BA4B25C00986E04 /* ProfileImageView.swift */ = {isa = PBXFileReference; lastKnownFileType = sourcecode.swift; path = ProfileImageView.swift; sourceTree = "<group>"; };
/* End PBXFileReference section */

/* Begin PBXFrameworksBuildPhase section */
		7463A4902B9E2C1100C3FBC9 /* Frameworks */ = {
			isa = PBXFrameworksBuildPhase;
			buildActionMask = 2147483647;
			files = (
				7463A4B62B9E3AF800C3FBC9 /* FirebaseAuth in Frameworks */,
				7463A4BB2B9E3BB200C3FBC9 /* SimpleToast in Frameworks */,
				7463A4B82B9E3AF800C3FBC9 /* FirebaseStorage in Frameworks */,
			);
			runOnlyForDeploymentPostprocessing = 0;
		};
/* End PBXFrameworksBuildPhase section */

/* Begin PBXGroup section */
		7429A3FF2B9E582E00B34158 /* Tips */ = {
			isa = PBXGroup;
			children = (
				7429A3FD2B9E511A00B34158 /* ImageButtonTip.swift */,
			);
			path = Tips;
			sourceTree = "<group>";
		};
		7463A48A2B9E2C1100C3FBC9 = {
			isa = PBXGroup;
			children = (
				7463A4952B9E2C1100C3FBC9 /* Tic tac toe */,
				7463A4942B9E2C1100C3FBC9 /* Products */,
			);
			sourceTree = "<group>";
		};
		7463A4942B9E2C1100C3FBC9 /* Products */ = {
			isa = PBXGroup;
			children = (
				7463A4932B9E2C1100C3FBC9 /* Tic tac toe.app */,
			);
			name = Products;
			sourceTree = "<group>";
		};
		7463A4952B9E2C1100C3FBC9 /* Tic tac toe */ = {
			isa = PBXGroup;
			children = (
				7463A4962B9E2C1100C3FBC9 /* Tic_tac_toeApp.swift */,
				7463A4BE2B9E3C7500C3FBC9 /* Utils */,
				7463A4B22B9E38F700C3FBC9 /* Managers */,
				7463A4A42B9E2FAC00C3FBC9 /* Views */,
				7463A49A2B9E2C1400C3FBC9 /* Assets.xcassets */,
				7463A4A72B9E2FE600C3FBC9 /* Localizable.xcstrings */,
				7467A70E2BA1149A0048C613 /* GoogleService-Info.plist */,
				7463A49C2B9E2C1400C3FBC9 /* Preview Content */,
			);
			path = "Tic tac toe";
			sourceTree = "<group>";
		};
		7463A49C2B9E2C1400C3FBC9 /* Preview Content */ = {
			isa = PBXGroup;
			children = (
				7463A49D2B9E2C1400C3FBC9 /* Preview Assets.xcassets */,
			);
			path = "Preview Content";
			sourceTree = "<group>";
		};
		7463A4A42B9E2FAC00C3FBC9 /* Views */ = {
			isa = PBXGroup;
			children = (
				7467A6FF2BA112F30048C613 /* BegginingScreens */,
				7467A7002BA113120048C613 /* Toolbar */,
				7467A7012BA113300048C613 /* Utils */,
				7429A3FF2B9E582E00B34158 /* Tips */,
			);
			path = Views;
			sourceTree = "<group>";
		};
		7463A4B22B9E38F700C3FBC9 /* Managers */ = {
			isa = PBXGroup;
			children = (
				7463A4B32B9E39A100C3FBC9 /* FirebaseManager.swift */,
				7467A6FC2BA112C90048C613 /* ConnectionManager.swift */,
			);
			path = Managers;
			sourceTree = "<group>";
		};
		7463A4BE2B9E3C7500C3FBC9 /* Utils */ = {
			isa = PBXGroup;
			children = (
				7463A4BF2B9E3C8500C3FBC9 /* ImagePicker.swift */,
				7463A4C12B9E3E6B00C3FBC9 /* ToastOptions.swift */,
			);
			path = Utils;
			sourceTree = "<group>";
		};
		7467A6FF2BA112F30048C613 /* BegginingScreens */ = {
			isa = PBXGroup;
			children = (
				7463A4982B9E2C1100C3FBC9 /* ContentView.swift */,
				7463A4A92B9E300600C3FBC9 /* LoginView.swift */,
				7463A4AB2B9E301500C3FBC9 /* RegisterView.swift */,
				7499CAD12B9E5FCF0085B75D /* SplashScreenView.swift */,
			);
			path = BegginingScreens;
			sourceTree = "<group>";
		};
		7467A7002BA113120048C613 /* Toolbar */ = {
			isa = PBXGroup;
			children = (
				7467A7042BA113880048C613 /* MainMenuView.swift */,
				7467A7062BA113930048C613 /* ProfileView.swift */,
				7467A70A2BA113B10048C613 /* SettingsView.swift */,
				7467A70C2BA113BE0048C613 /* ToolbarView.swift */,
				74A9940A2BA4F7AF003F0AD3 /* EditProfileView.swift */,
				74A9940C2BA4F8B3003F0AD3 /* PreviousGamesView.swift */,
			);
			path = Toolbar;
			sourceTree = "<group>";
		};
		7467A7012BA113300048C613 /* Utils */ = {
			isa = PBXGroup;
			children = (
				7463A4BC2B9E3C5900C3FBC9 /* ToastPopUpView.swift */,
				7467A7022BA113570048C613 /* LoadingView.swift */,
				74882DDF2BA269430007D249 /* KeyboardHider.swift */,
				74B615CE2BA4AF8B00986E04 /* ProfileImageButtonView.swift */,
				74B615D02BA4B25C00986E04 /* ProfileImageView.swift */,
			);
			path = Utils;
			sourceTree = "<group>";
		};
/* End PBXGroup section */

/* Begin PBXNativeTarget section */
		7463A4922B9E2C1100C3FBC9 /* Tic tac toe */ = {
			isa = PBXNativeTarget;
			buildConfigurationList = 7463A4A12B9E2C1400C3FBC9 /* Build configuration list for PBXNativeTarget "Tic tac toe" */;
			buildPhases = (
				7463A48F2B9E2C1100C3FBC9 /* Sources */,
				7463A4902B9E2C1100C3FBC9 /* Frameworks */,
				7463A4912B9E2C1100C3FBC9 /* Resources */,
			);
			buildRules = (
			);
			dependencies = (
			);
			name = "Tic tac toe";
			packageProductDependencies = (
				7463A4B52B9E3AF800C3FBC9 /* FirebaseAuth */,
				7463A4B72B9E3AF800C3FBC9 /* FirebaseStorage */,
				7463A4BA2B9E3BB200C3FBC9 /* SimpleToast */,
			);
			productName = "Tic tac toe";
			productReference = 7463A4932B9E2C1100C3FBC9 /* Tic tac toe.app */;
			productType = "com.apple.product-type.application";
		};
/* End PBXNativeTarget section */

/* Begin PBXProject section */
		7463A48B2B9E2C1100C3FBC9 /* Project object */ = {
			isa = PBXProject;
			attributes = {
				BuildIndependentTargetsInParallel = 1;
				LastSwiftUpdateCheck = 1530;
				LastUpgradeCheck = 1530;
				TargetAttributes = {
					7463A4922B9E2C1100C3FBC9 = {
						CreatedOnToolsVersion = 15.3;
					};
				};
			};
			buildConfigurationList = 7463A48E2B9E2C1100C3FBC9 /* Build configuration list for PBXProject "Tic tac toe" */;
			compatibilityVersion = "Xcode 14.0";
			developmentRegion = en;
			hasScannedForEncodings = 0;
			knownRegions = (
				en,
				Base,
				pl,
			);
			mainGroup = 7463A48A2B9E2C1100C3FBC9;
			packageReferences = (
				7463A4AF2B9E379400C3FBC9 /* XCRemoteSwiftPackageReference "firebase-ios-sdk" */,
				7463A4B92B9E3BB200C3FBC9 /* XCRemoteSwiftPackageReference "SimpleToast" */,
			);
			productRefGroup = 7463A4942B9E2C1100C3FBC9 /* Products */;
			projectDirPath = "";
			projectRoot = "";
			targets = (
				7463A4922B9E2C1100C3FBC9 /* Tic tac toe */,
			);
		};
/* End PBXProject section */

/* Begin PBXResourcesBuildPhase section */
		7463A4912B9E2C1100C3FBC9 /* Resources */ = {
			isa = PBXResourcesBuildPhase;
			buildActionMask = 2147483647;
			files = (
				7463A49E2B9E2C1400C3FBC9 /* Preview Assets.xcassets in Resources */,
				7467A70F2BA1149A0048C613 /* GoogleService-Info.plist in Resources */,
				7463A49B2B9E2C1400C3FBC9 /* Assets.xcassets in Resources */,
				7463A4A82B9E2FE600C3FBC9 /* Localizable.xcstrings in Resources */,
			);
			runOnlyForDeploymentPostprocessing = 0;
		};
/* End PBXResourcesBuildPhase section */

/* Begin PBXSourcesBuildPhase section */
		7463A48F2B9E2C1100C3FBC9 /* Sources */ = {
			isa = PBXSourcesBuildPhase;
			buildActionMask = 2147483647;
			files = (
				7467A70B2BA113B10048C613 /* SettingsView.swift in Sources */,
				7463A4AA2B9E300600C3FBC9 /* LoginView.swift in Sources */,
				7429A3FE2B9E511B00B34158 /* ImageButtonTip.swift in Sources */,
				7463A4AC2B9E301500C3FBC9 /* RegisterView.swift in Sources */,
				7463A4B42B9E39A100C3FBC9 /* FirebaseManager.swift in Sources */,
				7463A4C02B9E3C8500C3FBC9 /* ImagePicker.swift in Sources */,
				74B615CF2BA4AF8B00986E04 /* ProfileImageButtonView.swift in Sources */,
				74B615D12BA4B25C00986E04 /* ProfileImageView.swift in Sources */,
				7467A7032BA113570048C613 /* LoadingView.swift in Sources */,
				7463A4C22B9E3E6B00C3FBC9 /* ToastOptions.swift in Sources */,
				74A9940B2BA4F7AF003F0AD3 /* EditProfileView.swift in Sources */,
				7463A4BD2B9E3C5900C3FBC9 /* ToastPopUpView.swift in Sources */,
				7499CAD22B9E5FCF0085B75D /* SplashScreenView.swift in Sources */,
				7467A70D2BA113BE0048C613 /* ToolbarView.swift in Sources */,
				7467A7052BA113880048C613 /* MainMenuView.swift in Sources */,
				7463A4992B9E2C1100C3FBC9 /* ContentView.swift in Sources */,
				7467A6FD2BA112C90048C613 /* ConnectionManager.swift in Sources */,
				74A9940D2BA4F8B3003F0AD3 /* PreviousGamesView.swift in Sources */,
				7467A7072BA113930048C613 /* ProfileView.swift in Sources */,
				74882DE02BA269430007D249 /* KeyboardHider.swift in Sources */,
				7463A4972B9E2C1100C3FBC9 /* Tic_tac_toeApp.swift in Sources */,
			);
			runOnlyForDeploymentPostprocessing = 0;
		};
/* End PBXSourcesBuildPhase section */

/* Begin XCBuildConfiguration section */
		7463A49F2B9E2C1400C3FBC9 /* Debug */ = {
			isa = XCBuildConfiguration;
			buildSettings = {
				ALWAYS_SEARCH_USER_PATHS = NO;
				ASSETCATALOG_COMPILER_GENERATE_SWIFT_ASSET_SYMBOL_EXTENSIONS = YES;
				CLANG_ANALYZER_NONNULL = YES;
				CLANG_ANALYZER_NUMBER_OBJECT_CONVERSION = YES_AGGRESSIVE;
				CLANG_CXX_LANGUAGE_STANDARD = "gnu++20";
				CLANG_ENABLE_MODULES = YES;
				CLANG_ENABLE_OBJC_ARC = YES;
				CLANG_ENABLE_OBJC_WEAK = YES;
				CLANG_WARN_BLOCK_CAPTURE_AUTORELEASING = YES;
				CLANG_WARN_BOOL_CONVERSION = YES;
				CLANG_WARN_COMMA = YES;
				CLANG_WARN_CONSTANT_CONVERSION = YES;
				CLANG_WARN_DEPRECATED_OBJC_IMPLEMENTATIONS = YES;
				CLANG_WARN_DIRECT_OBJC_ISA_USAGE = YES_ERROR;
				CLANG_WARN_DOCUMENTATION_COMMENTS = YES;
				CLANG_WARN_EMPTY_BODY = YES;
				CLANG_WARN_ENUM_CONVERSION = YES;
				CLANG_WARN_INFINITE_RECURSION = YES;
				CLANG_WARN_INT_CONVERSION = YES;
				CLANG_WARN_NON_LITERAL_NULL_CONVERSION = YES;
				CLANG_WARN_OBJC_IMPLICIT_RETAIN_SELF = YES;
				CLANG_WARN_OBJC_LITERAL_CONVERSION = YES;
				CLANG_WARN_OBJC_ROOT_CLASS = YES_ERROR;
				CLANG_WARN_QUOTED_INCLUDE_IN_FRAMEWORK_HEADER = YES;
				CLANG_WARN_RANGE_LOOP_ANALYSIS = YES;
				CLANG_WARN_STRICT_PROTOTYPES = YES;
				CLANG_WARN_SUSPICIOUS_MOVE = YES;
				CLANG_WARN_UNGUARDED_AVAILABILITY = YES_AGGRESSIVE;
				CLANG_WARN_UNREACHABLE_CODE = YES;
				CLANG_WARN__DUPLICATE_METHOD_MATCH = YES;
				COPY_PHASE_STRIP = NO;
				DEBUG_INFORMATION_FORMAT = dwarf;
				ENABLE_STRICT_OBJC_MSGSEND = YES;
				ENABLE_TESTABILITY = YES;
				ENABLE_USER_SCRIPT_SANDBOXING = YES;
				GCC_C_LANGUAGE_STANDARD = gnu17;
				GCC_DYNAMIC_NO_PIC = NO;
				GCC_NO_COMMON_BLOCKS = YES;
				GCC_OPTIMIZATION_LEVEL = 0;
				GCC_PREPROCESSOR_DEFINITIONS = (
					"DEBUG=1",
					"$(inherited)",
				);
				GCC_WARN_64_TO_32_BIT_CONVERSION = YES;
				GCC_WARN_ABOUT_RETURN_TYPE = YES_ERROR;
				GCC_WARN_UNDECLARED_SELECTOR = YES;
				GCC_WARN_UNINITIALIZED_AUTOS = YES_AGGRESSIVE;
				GCC_WARN_UNUSED_FUNCTION = YES;
				GCC_WARN_UNUSED_VARIABLE = YES;
				IPHONEOS_DEPLOYMENT_TARGET = 17.4;
				LOCALIZATION_PREFERS_STRING_CATALOGS = YES;
				MTL_ENABLE_DEBUG_INFO = INCLUDE_SOURCE;
				MTL_FAST_MATH = YES;
				ONLY_ACTIVE_ARCH = YES;
				SDKROOT = iphoneos;
				SWIFT_ACTIVE_COMPILATION_CONDITIONS = "DEBUG $(inherited)";
				SWIFT_OPTIMIZATION_LEVEL = "-Onone";
			};
			name = Debug;
		};
		7463A4A02B9E2C1400C3FBC9 /* Release */ = {
			isa = XCBuildConfiguration;
			buildSettings = {
				ALWAYS_SEARCH_USER_PATHS = NO;
				ASSETCATALOG_COMPILER_GENERATE_SWIFT_ASSET_SYMBOL_EXTENSIONS = YES;
				CLANG_ANALYZER_NONNULL = YES;
				CLANG_ANALYZER_NUMBER_OBJECT_CONVERSION = YES_AGGRESSIVE;
				CLANG_CXX_LANGUAGE_STANDARD = "gnu++20";
				CLANG_ENABLE_MODULES = YES;
				CLANG_ENABLE_OBJC_ARC = YES;
				CLANG_ENABLE_OBJC_WEAK = YES;
				CLANG_WARN_BLOCK_CAPTURE_AUTORELEASING = YES;
				CLANG_WARN_BOOL_CONVERSION = YES;
				CLANG_WARN_COMMA = YES;
				CLANG_WARN_CONSTANT_CONVERSION = YES;
				CLANG_WARN_DEPRECATED_OBJC_IMPLEMENTATIONS = YES;
				CLANG_WARN_DIRECT_OBJC_ISA_USAGE = YES_ERROR;
				CLANG_WARN_DOCUMENTATION_COMMENTS = YES;
				CLANG_WARN_EMPTY_BODY = YES;
				CLANG_WARN_ENUM_CONVERSION = YES;
				CLANG_WARN_INFINITE_RECURSION = YES;
				CLANG_WARN_INT_CONVERSION = YES;
				CLANG_WARN_NON_LITERAL_NULL_CONVERSION = YES;
				CLANG_WARN_OBJC_IMPLICIT_RETAIN_SELF = YES;
				CLANG_WARN_OBJC_LITERAL_CONVERSION = YES;
				CLANG_WARN_OBJC_ROOT_CLASS = YES_ERROR;
				CLANG_WARN_QUOTED_INCLUDE_IN_FRAMEWORK_HEADER = YES;
				CLANG_WARN_RANGE_LOOP_ANALYSIS = YES;
				CLANG_WARN_STRICT_PROTOTYPES = YES;
				CLANG_WARN_SUSPICIOUS_MOVE = YES;
				CLANG_WARN_UNGUARDED_AVAILABILITY = YES_AGGRESSIVE;
				CLANG_WARN_UNREACHABLE_CODE = YES;
				CLANG_WARN__DUPLICATE_METHOD_MATCH = YES;
				COPY_PHASE_STRIP = NO;
				DEBUG_INFORMATION_FORMAT = "dwarf-with-dsym";
				ENABLE_NS_ASSERTIONS = NO;
				ENABLE_STRICT_OBJC_MSGSEND = YES;
				ENABLE_USER_SCRIPT_SANDBOXING = YES;
				GCC_C_LANGUAGE_STANDARD = gnu17;
				GCC_NO_COMMON_BLOCKS = YES;
				GCC_WARN_64_TO_32_BIT_CONVERSION = YES;
				GCC_WARN_ABOUT_RETURN_TYPE = YES_ERROR;
				GCC_WARN_UNDECLARED_SELECTOR = YES;
				GCC_WARN_UNINITIALIZED_AUTOS = YES_AGGRESSIVE;
				GCC_WARN_UNUSED_FUNCTION = YES;
				GCC_WARN_UNUSED_VARIABLE = YES;
				IPHONEOS_DEPLOYMENT_TARGET = 17.4;
				LOCALIZATION_PREFERS_STRING_CATALOGS = YES;
				MTL_ENABLE_DEBUG_INFO = NO;
				MTL_FAST_MATH = YES;
				SDKROOT = iphoneos;
				SWIFT_COMPILATION_MODE = wholemodule;
				VALIDATE_PRODUCT = YES;
			};
			name = Release;
		};
		7463A4A22B9E2C1400C3FBC9 /* Debug */ = {
			isa = XCBuildConfiguration;
			buildSettings = {
				ASSETCATALOG_COMPILER_APPICON_NAME = AppIcon;
				ASSETCATALOG_COMPILER_GLOBAL_ACCENT_COLOR_NAME = AccentColor;
				CODE_SIGN_STYLE = Automatic;
				CURRENT_PROJECT_VERSION = 1;
				DEVELOPMENT_ASSET_PATHS = "\"Tic tac toe/Preview Content\"";
				DEVELOPMENT_TEAM = 3T4T56NWV6;
				ENABLE_PREVIEWS = YES;
				GENERATE_INFOPLIST_FILE = YES;
				INFOPLIST_KEY_UIApplicationSceneManifest_Generation = YES;
				INFOPLIST_KEY_UIApplicationSupportsIndirectInputEvents = YES;
				INFOPLIST_KEY_UILaunchScreen_Generation = YES;
				INFOPLIST_KEY_UISupportedInterfaceOrientations_iPad = "UIInterfaceOrientationPortrait UIInterfaceOrientationPortraitUpsideDown UIInterfaceOrientationLandscapeLeft UIInterfaceOrientationLandscapeRight";
				INFOPLIST_KEY_UISupportedInterfaceOrientations_iPhone = "UIInterfaceOrientationPortrait UIInterfaceOrientationLandscapeLeft UIInterfaceOrientationLandscapeRight";
				LD_RUNPATH_SEARCH_PATHS = (
					"$(inherited)",
					"@executable_path/Frameworks",
				);
				MARKETING_VERSION = 1.0;
				PRODUCT_BUNDLE_IDENTIFIER = "com.jkazubski.Tic-tac-toe";
				PRODUCT_NAME = "$(TARGET_NAME)";
				SWIFT_EMIT_LOC_STRINGS = YES;
				SWIFT_VERSION = 5.0;
				TARGETED_DEVICE_FAMILY = "1,2";
			};
			name = Debug;
		};
		7463A4A32B9E2C1400C3FBC9 /* Release */ = {
			isa = XCBuildConfiguration;
			buildSettings = {
				ASSETCATALOG_COMPILER_APPICON_NAME = AppIcon;
				ASSETCATALOG_COMPILER_GLOBAL_ACCENT_COLOR_NAME = AccentColor;
				CODE_SIGN_STYLE = Automatic;
				CURRENT_PROJECT_VERSION = 1;
				DEVELOPMENT_ASSET_PATHS = "\"Tic tac toe/Preview Content\"";
				DEVELOPMENT_TEAM = 3T4T56NWV6;
				ENABLE_PREVIEWS = YES;
				GENERATE_INFOPLIST_FILE = YES;
				INFOPLIST_KEY_UIApplicationSceneManifest_Generation = YES;
				INFOPLIST_KEY_UIApplicationSupportsIndirectInputEvents = YES;
				INFOPLIST_KEY_UILaunchScreen_Generation = YES;
				INFOPLIST_KEY_UISupportedInterfaceOrientations_iPad = "UIInterfaceOrientationPortrait UIInterfaceOrientationPortraitUpsideDown UIInterfaceOrientationLandscapeLeft UIInterfaceOrientationLandscapeRight";
				INFOPLIST_KEY_UISupportedInterfaceOrientations_iPhone = "UIInterfaceOrientationPortrait UIInterfaceOrientationLandscapeLeft UIInterfaceOrientationLandscapeRight";
				LD_RUNPATH_SEARCH_PATHS = (
					"$(inherited)",
					"@executable_path/Frameworks",
				);
				MARKETING_VERSION = 1.0;
				PRODUCT_BUNDLE_IDENTIFIER = "com.jkazubski.Tic-tac-toe";
				PRODUCT_NAME = "$(TARGET_NAME)";
				SWIFT_EMIT_LOC_STRINGS = YES;
				SWIFT_VERSION = 5.0;
				TARGETED_DEVICE_FAMILY = "1,2";
			};
			name = Release;
		};
/* End XCBuildConfiguration section */

/* Begin XCConfigurationList section */
		7463A48E2B9E2C1100C3FBC9 /* Build configuration list for PBXProject "Tic tac toe" */ = {
			isa = XCConfigurationList;
			buildConfigurations = (
				7463A49F2B9E2C1400C3FBC9 /* Debug */,
				7463A4A02B9E2C1400C3FBC9 /* Release */,
			);
			defaultConfigurationIsVisible = 0;
			defaultConfigurationName = Release;
		};
		7463A4A12B9E2C1400C3FBC9 /* Build configuration list for PBXNativeTarget "Tic tac toe" */ = {
			isa = XCConfigurationList;
			buildConfigurations = (
				7463A4A22B9E2C1400C3FBC9 /* Debug */,
				7463A4A32B9E2C1400C3FBC9 /* Release */,
			);
			defaultConfigurationIsVisible = 0;
			defaultConfigurationName = Release;
		};
/* End XCConfigurationList section */

/* Begin XCRemoteSwiftPackageReference section */
		7463A4AF2B9E379400C3FBC9 /* XCRemoteSwiftPackageReference "firebase-ios-sdk" */ = {
			isa = XCRemoteSwiftPackageReference;
			repositoryURL = "https://github.com/firebase/firebase-ios-sdk";
			requirement = {
				kind = upToNextMajorVersion;
				minimumVersion = 10.22.1;
			};
		};
		7463A4B92B9E3BB200C3FBC9 /* XCRemoteSwiftPackageReference "SimpleToast" */ = {
			isa = XCRemoteSwiftPackageReference;
			repositoryURL = "https://github.com/sanzaru/SimpleToast";
			requirement = {
				kind = upToNextMajorVersion;
				minimumVersion = 0.8.1;
			};
		};
/* End XCRemoteSwiftPackageReference section */

/* Begin XCSwiftPackageProductDependency section */
		7463A4B52B9E3AF800C3FBC9 /* FirebaseAuth */ = {
			isa = XCSwiftPackageProductDependency;
			package = 7463A4AF2B9E379400C3FBC9 /* XCRemoteSwiftPackageReference "firebase-ios-sdk" */;
			productName = FirebaseAuth;
		};
		7463A4B72B9E3AF800C3FBC9 /* FirebaseStorage */ = {
			isa = XCSwiftPackageProductDependency;
			package = 7463A4AF2B9E379400C3FBC9 /* XCRemoteSwiftPackageReference "firebase-ios-sdk" */;
			productName = FirebaseStorage;
		};
		7463A4BA2B9E3BB200C3FBC9 /* SimpleToast */ = {
			isa = XCSwiftPackageProductDependency;
			package = 7463A4B92B9E3BB200C3FBC9 /* XCRemoteSwiftPackageReference "SimpleToast" */;
			productName = SimpleToast;
		};
/* End XCSwiftPackageProductDependency section */
	};
	rootObject = 7463A48B2B9E2C1100C3FBC9 /* Project object */;
}
